// !$*UTF8*$!
{
	archiveVersion = 1;
	classes = {
	};
	objectVersion = 77;
	objects = {

/* Begin PBXBuildFile section */
		DA079DCE2E476BD4009DC2F6 /* FirebaseAnalytics in Frameworks */ = {isa = PBXBuildFile; productRef = DA079DCD2E476BD4009DC2F6 /* FirebaseAnalytics */; };
		DA079DD02E476BD4009DC2F6 /* FirebaseCrashlytics in Frameworks */ = {isa = PBXBuildFile; productRef = DA079DCF2E476BD4009DC2F6 /* FirebaseCrashlytics */; };
		DA079DD22E476BD4009DC2F6 /* FirebaseRemoteConfig in Frameworks */ = {isa = PBXBuildFile; productRef = DA079DD12E476BD4009DC2F6 /* FirebaseRemoteConfig */; };
		DA0808C32E4779E000DECBB4 /* Logger in Frameworks */ = {isa = PBXBuildFile; productRef = DA0808C22E4779E000DECBB4 /* Logger */; };
		DA0808C52E4779E000DECBB4 /* LoggerFirebaseAnalytics in Frameworks */ = {isa = PBXBuildFile; productRef = DA0808C42E4779E000DECBB4 /* LoggerFirebaseAnalytics */; };
		DA0808C72E4779E000DECBB4 /* LoggerFirebaseCrashlytics in Frameworks */ = {isa = PBXBuildFile; productRef = DA0808C62E4779E000DECBB4 /* LoggerFirebaseCrashlytics */; };
		DA0808CA2E4779F900DECBB4 /* Router in Frameworks */ = {isa = PBXBuildFile; productRef = DA0808C92E4779F900DECBB4 /* Router */; };
		DA0808CD2E477A0700DECBB4 /* UserInterface in Frameworks */ = {isa = PBXBuildFile; productRef = DA0808CC2E477A0700DECBB4 /* UserInterface */; };
		DA0808D02E477A1900DECBB4 /* Utilities in Frameworks */ = {isa = PBXBuildFile; productRef = DA0808CF2E477A1900DECBB4 /* Utilities */; };
/* End PBXBuildFile section */

/* Begin PBXContainerItemProxy section */
		DA206C6C2E473FF5002D458B /* PBXContainerItemProxy */ = {
			isa = PBXContainerItemProxy;
			containerPortal = DA206C562E473FF3002D458B /* Project object */;
			proxyType = 1;
			remoteGlobalIDString = DA206C5D2E473FF3002D458B;
			remoteInfo = SimpleFlickr;
		};
		DA206C762E473FF5002D458B /* PBXContainerItemProxy */ = {
			isa = PBXContainerItemProxy;
			containerPortal = DA206C562E473FF3002D458B /* Project object */;
			proxyType = 1;
			remoteGlobalIDString = DA206C5D2E473FF3002D458B;
			remoteInfo = SimpleFlickr;
		};
/* End PBXContainerItemProxy section */

/* Begin PBXFileReference section */
		DA206C5E2E473FF3002D458B /* SimpleFlickr.app */ = {isa = PBXFileReference; explicitFileType = wrapper.application; includeInIndex = 0; path = SimpleFlickr.app; sourceTree = BUILT_PRODUCTS_DIR; };
		DA206C6B2E473FF5002D458B /* SimpleFlickrTests.xctest */ = {isa = PBXFileReference; explicitFileType = wrapper.cfbundle; includeInIndex = 0; path = SimpleFlickrTests.xctest; sourceTree = BUILT_PRODUCTS_DIR; };
		DA206C752E473FF5002D458B /* SimpleFlickrUITests.xctest */ = {isa = PBXFileReference; explicitFileType = wrapper.cfbundle; includeInIndex = 0; path = SimpleFlickrUITests.xctest; sourceTree = BUILT_PRODUCTS_DIR; };
/* End PBXFileReference section */

/* Begin PBXFileSystemSynchronizedBuildFileExceptionSet section */
		DA079AF32E474CDD009DC2F6 /* Exceptions for "LocalPackages" folder in "SimpleFlickr" target */ = {
			isa = PBXFileSystemSynchronizedBuildFileExceptionSet;
			membershipExceptions = (
				Logger,
				Networking,
				Router,
				UserInterface,
				Utilities,
			);
			target = DA206C5D2E473FF3002D458B /* SimpleFlickr */;
		};
/* End PBXFileSystemSynchronizedBuildFileExceptionSet section */

/* Begin PBXFileSystemSynchronizedRootGroup section */
		DA079AF12E474CC2009DC2F6 /* LocalPackages */ = {
			isa = PBXFileSystemSynchronizedRootGroup;
			exceptions = (
				DA079AF32E474CDD009DC2F6 /* Exceptions for "LocalPackages" folder in "SimpleFlickr" target */,
			);
			path = LocalPackages;
			sourceTree = "<group>";
		};
		DA206C602E473FF3002D458B /* SimpleFlickr */ = {
			isa = PBXFileSystemSynchronizedRootGroup;
			path = SimpleFlickr;
			sourceTree = "<group>";
		};
		DA206C6E2E473FF5002D458B /* SimpleFlickrTests */ = {
			isa = PBXFileSystemSynchronizedRootGroup;
			path = SimpleFlickrTests;
			sourceTree = "<group>";
		};
		DA206C782E473FF5002D458B /* SimpleFlickrUITests */ = {
			isa = PBXFileSystemSynchronizedRootGroup;
			path = SimpleFlickrUITests;
			sourceTree = "<group>";
		};
/* End PBXFileSystemSynchronizedRootGroup section */

/* Begin PBXFrameworksBuildPhase section */
		DA206C5B2E473FF3002D458B /* Frameworks */ = {
			isa = PBXFrameworksBuildPhase;
			buildActionMask = 2147483647;
			files = (
				DA0808CA2E4779F900DECBB4 /* Router in Frameworks */,
				DA079DD22E476BD4009DC2F6 /* FirebaseRemoteConfig in Frameworks */,
				DA079DCE2E476BD4009DC2F6 /* FirebaseAnalytics in Frameworks */,
				DA0808C32E4779E000DECBB4 /* Logger in Frameworks */,
				DA0808D02E477A1900DECBB4 /* Utilities in Frameworks */,
				DA0808C52E4779E000DECBB4 /* LoggerFirebaseAnalytics in Frameworks */,
				DA0808CD2E477A0700DECBB4 /* UserInterface in Frameworks */,
				DA079DD02E476BD4009DC2F6 /* FirebaseCrashlytics in Frameworks */,
				DA0808C72E4779E000DECBB4 /* LoggerFirebaseCrashlytics in Frameworks */,
			);
			runOnlyForDeploymentPostprocessing = 0;
		};
		DA206C682E473FF5002D458B /* Frameworks */ = {
			isa = PBXFrameworksBuildPhase;
			buildActionMask = 2147483647;
			files = (
			);
			runOnlyForDeploymentPostprocessing = 0;
		};
		DA206C722E473FF5002D458B /* Frameworks */ = {
			isa = PBXFrameworksBuildPhase;
			buildActionMask = 2147483647;
			files = (
			);
			runOnlyForDeploymentPostprocessing = 0;
		};
/* End PBXFrameworksBuildPhase section */

/* Begin PBXGroup section */
		DA206C552E473FF3002D458B = {
			isa = PBXGroup;
			children = (
				DA079AF12E474CC2009DC2F6 /* LocalPackages */,
				DA206C602E473FF3002D458B /* SimpleFlickr */,
				DA206C6E2E473FF5002D458B /* SimpleFlickrTests */,
				DA206C782E473FF5002D458B /* SimpleFlickrUITests */,
				DA206C5F2E473FF3002D458B /* Products */,
			);
			sourceTree = "<group>";
		};
		DA206C5F2E473FF3002D458B /* Products */ = {
			isa = PBXGroup;
			children = (
				DA206C5E2E473FF3002D458B /* SimpleFlickr.app */,
				DA206C6B2E473FF5002D458B /* SimpleFlickrTests.xctest */,
				DA206C752E473FF5002D458B /* SimpleFlickrUITests.xctest */,
			);
			name = Products;
			sourceTree = "<group>";
		};
/* End PBXGroup section */

/* Begin PBXNativeTarget section */
		DA206C5D2E473FF3002D458B /* SimpleFlickr */ = {
			isa = PBXNativeTarget;
			buildConfigurationList = DA206C7F2E473FF5002D458B /* Build configuration list for PBXNativeTarget "SimpleFlickr" */;
			buildPhases = (
				DA206C5A2E473FF3002D458B /* Sources */,
				DA206C5B2E473FF3002D458B /* Frameworks */,
				DA206C5C2E473FF3002D458B /* Resources */,
				DA206C8E2E47454D002D458B /* SwiftLint run script */,
			);
			buildRules = (
			);
			dependencies = (
			);
			fileSystemSynchronizedGroups = (
				DA079AF12E474CC2009DC2F6 /* LocalPackages */,
				DA206C602E473FF3002D458B /* SimpleFlickr */,
			);
			name = SimpleFlickr;
			packageProductDependencies = (
				DA079DCD2E476BD4009DC2F6 /* FirebaseAnalytics */,
				DA079DCF2E476BD4009DC2F6 /* FirebaseCrashlytics */,
				DA079DD12E476BD4009DC2F6 /* FirebaseRemoteConfig */,
				DA0808C22E4779E000DECBB4 /* Logger */,
				DA0808C42E4779E000DECBB4 /* LoggerFirebaseAnalytics */,
				DA0808C62E4779E000DECBB4 /* LoggerFirebaseCrashlytics */,
				DA0808C92E4779F900DECBB4 /* Router */,
				DA0808CC2E477A0700DECBB4 /* UserInterface */,
				DA0808CF2E477A1900DECBB4 /* Utilities */,
			);
			productName = SimpleFlickr;
			productReference = DA206C5E2E473FF3002D458B /* SimpleFlickr.app */;
			productType = "com.apple.product-type.application";
		};
		DA206C6A2E473FF5002D458B /* SimpleFlickrTests */ = {
			isa = PBXNativeTarget;
			buildConfigurationList = DA206C822E473FF5002D458B /* Build configuration list for PBXNativeTarget "SimpleFlickrTests" */;
			buildPhases = (
				DA206C672E473FF5002D458B /* Sources */,
				DA206C682E473FF5002D458B /* Frameworks */,
				DA206C692E473FF5002D458B /* Resources */,
			);
			buildRules = (
			);
			dependencies = (
				DA206C6D2E473FF5002D458B /* PBXTargetDependency */,
			);
			fileSystemSynchronizedGroups = (
				DA206C6E2E473FF5002D458B /* SimpleFlickrTests */,
			);
			name = SimpleFlickrTests;
			packageProductDependencies = (
			);
			productName = SimpleFlickrTests;
			productReference = DA206C6B2E473FF5002D458B /* SimpleFlickrTests.xctest */;
			productType = "com.apple.product-type.bundle.unit-test";
		};
		DA206C742E473FF5002D458B /* SimpleFlickrUITests */ = {
			isa = PBXNativeTarget;
			buildConfigurationList = DA206C852E473FF5002D458B /* Build configuration list for PBXNativeTarget "SimpleFlickrUITests" */;
			buildPhases = (
				DA206C712E473FF5002D458B /* Sources */,
				DA206C722E473FF5002D458B /* Frameworks */,
				DA206C732E473FF5002D458B /* Resources */,
			);
			buildRules = (
			);
			dependencies = (
				DA206C772E473FF5002D458B /* PBXTargetDependency */,
			);
			fileSystemSynchronizedGroups = (
				DA206C782E473FF5002D458B /* SimpleFlickrUITests */,
			);
			name = SimpleFlickrUITests;
			packageProductDependencies = (
			);
			productName = SimpleFlickrUITests;
			productReference = DA206C752E473FF5002D458B /* SimpleFlickrUITests.xctest */;
			productType = "com.apple.product-type.bundle.ui-testing";
		};
/* End PBXNativeTarget section */

/* Begin PBXProject section */
		DA206C562E473FF3002D458B /* Project object */ = {
			isa = PBXProject;
			attributes = {
				BuildIndependentTargetsInParallel = 1;
				LastSwiftUpdateCheck = 2600;
				LastUpgradeCheck = 2600;
				TargetAttributes = {
					DA206C5D2E473FF3002D458B = {
						CreatedOnToolsVersion = 26.0;
					};
					DA206C6A2E473FF5002D458B = {
						CreatedOnToolsVersion = 26.0;
						TestTargetID = DA206C5D2E473FF3002D458B;
					};
					DA206C742E473FF5002D458B = {
						CreatedOnToolsVersion = 26.0;
						TestTargetID = DA206C5D2E473FF3002D458B;
					};
				};
			};
			buildConfigurationList = DA206C592E473FF3002D458B /* Build configuration list for PBXProject "SimpleFlickr" */;
			developmentRegion = en;
			hasScannedForEncodings = 0;
			knownRegions = (
				en,
				Base,
			);
			mainGroup = DA206C552E473FF3002D458B;
			minimizedProjectReferenceProxies = 1;
			packageReferences = (
				DA079DCC2E476BD4009DC2F6 /* XCRemoteSwiftPackageReference "firebase-ios-sdk" */,
				DA0808C12E4779E000DECBB4 /* XCLocalSwiftPackageReference "LocalPackages/Logger" */,
				DA0808C82E4779F900DECBB4 /* XCLocalSwiftPackageReference "LocalPackages/Router" */,
				DA0808CB2E477A0700DECBB4 /* XCLocalSwiftPackageReference "LocalPackages/UserInterface" */,
				DA0808CE2E477A1900DECBB4 /* XCLocalSwiftPackageReference "LocalPackages/Utilities" */,
			);
			preferredProjectObjectVersion = 77;
			productRefGroup = DA206C5F2E473FF3002D458B /* Products */;
			projectDirPath = "";
			projectRoot = "";
			targets = (
				DA206C5D2E473FF3002D458B /* SimpleFlickr */,
				DA206C6A2E473FF5002D458B /* SimpleFlickrTests */,
				DA206C742E473FF5002D458B /* SimpleFlickrUITests */,
			);
		};
/* End PBXProject section */

/* Begin PBXResourcesBuildPhase section */
		DA206C5C2E473FF3002D458B /* Resources */ = {
			isa = PBXResourcesBuildPhase;
			buildActionMask = 2147483647;
			files = (
			);
			runOnlyForDeploymentPostprocessing = 0;
		};
		DA206C692E473FF5002D458B /* Resources */ = {
			isa = PBXResourcesBuildPhase;
			buildActionMask = 2147483647;
			files = (
			);
			runOnlyForDeploymentPostprocessing = 0;
		};
		DA206C732E473FF5002D458B /* Resources */ = {
			isa = PBXResourcesBuildPhase;
			buildActionMask = 2147483647;
			files = (
			);
			runOnlyForDeploymentPostprocessing = 0;
		};
/* End PBXResourcesBuildPhase section */

/* Begin PBXShellScriptBuildPhase section */
		DA206C8E2E47454D002D458B /* SwiftLint run script */ = {
			isa = PBXShellScriptBuildPhase;
			alwaysOutOfDate = 1;
			buildActionMask = 2147483647;
			files = (
			);
			inputFileListPaths = (
			);
			inputPaths = (
			);
			name = "SwiftLint run script";
			outputFileListPaths = (
			);
			outputPaths = (
			);
			runOnlyForDeploymentPostprocessing = 0;
			shellPath = /bin/sh;
			shellScript = "# Check if running Xcode Cloud\nif [[ -z \"$CI\" ]]; then\n    if [[ \"$(uname -m)\" == arm64 ]]; then\n        export PATH=\"/opt/homebrew/bin:$PATH\"\n    fi\n\n    # Check if running in a SwiftUI preview\n    if [ \"$XCODE_RUNNING_FOR_PREVIEWS\" != \"1\" ]; then\n        if which swiftlint > /dev/null; then\n            swiftlint # Uncomment if you want to auto-fix: swiftlint --fix &&\n        else\n            echo \"warning: SwiftLint not installed, download from https://github.com/realm/SwiftLint\"\n        fi\n    fi\nelse \n    # Running Xcode Cloud\n    echo \"Running in Xcode Cloud. Skipping SwiftLint.\"\nfi\n\n\n";
			showEnvVarsInLog = 0;
		};
/* End PBXShellScriptBuildPhase section */

/* Begin PBXSourcesBuildPhase section */
		DA206C5A2E473FF3002D458B /* Sources */ = {
			isa = PBXSourcesBuildPhase;
			buildActionMask = 2147483647;
			files = (
			);
			runOnlyForDeploymentPostprocessing = 0;
		};
		DA206C672E473FF5002D458B /* Sources */ = {
			isa = PBXSourcesBuildPhase;
			buildActionMask = 2147483647;
			files = (
			);
			runOnlyForDeploymentPostprocessing = 0;
		};
		DA206C712E473FF5002D458B /* Sources */ = {
			isa = PBXSourcesBuildPhase;
			buildActionMask = 2147483647;
			files = (
			);
			runOnlyForDeploymentPostprocessing = 0;
		};
/* End PBXSourcesBuildPhase section */

/* Begin PBXTargetDependency section */
		DA206C6D2E473FF5002D458B /* PBXTargetDependency */ = {
			isa = PBXTargetDependency;
			target = DA206C5D2E473FF3002D458B /* SimpleFlickr */;
			targetProxy = DA206C6C2E473FF5002D458B /* PBXContainerItemProxy */;
		};
		DA206C772E473FF5002D458B /* PBXTargetDependency */ = {
			isa = PBXTargetDependency;
			target = DA206C5D2E473FF3002D458B /* SimpleFlickr */;
			targetProxy = DA206C762E473FF5002D458B /* PBXContainerItemProxy */;
		};
/* End PBXTargetDependency section */

/* Begin XCBuildConfiguration section */
		DA079DD32E476CBA009DC2F6 /* Mock */ = {
			isa = XCBuildConfiguration;
			buildSettings = {
				ALWAYS_SEARCH_USER_PATHS = NO;
				ASSETCATALOG_COMPILER_GENERATE_SWIFT_ASSET_SYMBOL_EXTENSIONS = YES;
				CLANG_ANALYZER_NONNULL = YES;
				CLANG_ANALYZER_NUMBER_OBJECT_CONVERSION = YES_AGGRESSIVE;
				CLANG_CXX_LANGUAGE_STANDARD = "gnu++20";
				CLANG_ENABLE_MODULES = YES;
				CLANG_ENABLE_OBJC_ARC = YES;
				CLANG_ENABLE_OBJC_WEAK = YES;
				CLANG_WARN_BLOCK_CAPTURE_AUTORELEASING = YES;
				CLANG_WARN_BOOL_CONVERSION = YES;
				CLANG_WARN_COMMA = YES;
				CLANG_WARN_CONSTANT_CONVERSION = YES;
				CLANG_WARN_DEPRECATED_OBJC_IMPLEMENTATIONS = YES;
				CLANG_WARN_DIRECT_OBJC_ISA_USAGE = YES_ERROR;
				CLANG_WARN_DOCUMENTATION_COMMENTS = YES;
				CLANG_WARN_EMPTY_BODY = YES;
				CLANG_WARN_ENUM_CONVERSION = YES;
				CLANG_WARN_INFINITE_RECURSION = YES;
				CLANG_WARN_INT_CONVERSION = YES;
				CLANG_WARN_NON_LITERAL_NULL_CONVERSION = YES;
				CLANG_WARN_OBJC_IMPLICIT_RETAIN_SELF = YES;
				CLANG_WARN_OBJC_LITERAL_CONVERSION = YES;
				CLANG_WARN_OBJC_ROOT_CLASS = YES_ERROR;
				CLANG_WARN_QUOTED_INCLUDE_IN_FRAMEWORK_HEADER = YES;
				CLANG_WARN_RANGE_LOOP_ANALYSIS = YES;
				CLANG_WARN_STRICT_PROTOTYPES = YES;
				CLANG_WARN_SUSPICIOUS_MOVE = YES;
				CLANG_WARN_UNGUARDED_AVAILABILITY = YES_AGGRESSIVE;
				CLANG_WARN_UNREACHABLE_CODE = YES;
				CLANG_WARN__DUPLICATE_METHOD_MATCH = YES;
				COPY_PHASE_STRIP = NO;
				DEBUG_INFORMATION_FORMAT = dwarf;
				DEVELOPMENT_TEAM = 55S3BQ9659;
				ENABLE_STRICT_OBJC_MSGSEND = YES;
				ENABLE_TESTABILITY = YES;
				ENABLE_USER_SCRIPT_SANDBOXING = YES;
				GCC_C_LANGUAGE_STANDARD = gnu17;
				GCC_DYNAMIC_NO_PIC = NO;
				GCC_NO_COMMON_BLOCKS = YES;
				GCC_OPTIMIZATION_LEVEL = 0;
				GCC_PREPROCESSOR_DEFINITIONS = (
					"DEBUG=1",
					"$(inherited)",
				);
				GCC_WARN_64_TO_32_BIT_CONVERSION = YES;
				GCC_WARN_ABOUT_RETURN_TYPE = YES_ERROR;
				GCC_WARN_UNDECLARED_SELECTOR = YES;
				GCC_WARN_UNINITIALIZED_AUTOS = YES_AGGRESSIVE;
				GCC_WARN_UNUSED_FUNCTION = YES;
				GCC_WARN_UNUSED_VARIABLE = YES;
				LOCALIZATION_PREFERS_STRING_CATALOGS = YES;
				MTL_ENABLE_DEBUG_INFO = INCLUDE_SOURCE;
				MTL_FAST_MATH = YES;
				ONLY_ACTIVE_ARCH = YES;
				OTHER_SWIFT_FLAGS = "-DMOCK";
				SWIFT_ACTIVE_COMPILATION_CONDITIONS = "DEBUG $(inherited)";
				SWIFT_OPTIMIZATION_LEVEL = "-Onone";
			};
			name = Mock;
		};
		DA079DD42E476CBA009DC2F6 /* Mock */ = {
			isa = XCBuildConfiguration;
			buildSettings = {
				ASSETCATALOG_COMPILER_APPICON_NAME = AppIcon;
				ASSETCATALOG_COMPILER_GLOBAL_ACCENT_COLOR_NAME = AccentColor;
				CODE_SIGN_STYLE = Automatic;
				CURRENT_PROJECT_VERSION = 1;
				DEVELOPMENT_TEAM = 55S3BQ9659;
				ENABLE_APP_SANDBOX = YES;
				ENABLE_HARDENED_RUNTIME = YES;
				ENABLE_PREVIEWS = YES;
				ENABLE_USER_SCRIPT_SANDBOXING = NO;
				ENABLE_USER_SELECTED_FILES = readonly;
				GENERATE_INFOPLIST_FILE = YES;
				INFOPLIST_KEY_CFBundleDisplayName = "SimpleFlickr - Mock";
				"INFOPLIST_KEY_UIApplicationSceneManifest_Generation[sdk=iphoneos*]" = YES;
				"INFOPLIST_KEY_UIApplicationSceneManifest_Generation[sdk=iphonesimulator*]" = YES;
				"INFOPLIST_KEY_UIApplicationSupportsIndirectInputEvents[sdk=iphoneos*]" = YES;
				"INFOPLIST_KEY_UIApplicationSupportsIndirectInputEvents[sdk=iphonesimulator*]" = YES;
				"INFOPLIST_KEY_UILaunchScreen_Generation[sdk=iphoneos*]" = YES;
				"INFOPLIST_KEY_UILaunchScreen_Generation[sdk=iphonesimulator*]" = YES;
				INFOPLIST_KEY_UILaunchStoryboardName = LaunchScreen;
				"INFOPLIST_KEY_UIStatusBarStyle[sdk=iphoneos*]" = UIStatusBarStyleDefault;
				"INFOPLIST_KEY_UIStatusBarStyle[sdk=iphonesimulator*]" = UIStatusBarStyleDefault;
				INFOPLIST_KEY_UISupportedInterfaceOrientations_iPad = "UIInterfaceOrientationPortrait UIInterfaceOrientationPortraitUpsideDown UIInterfaceOrientationLandscapeLeft UIInterfaceOrientationLandscapeRight";
				INFOPLIST_KEY_UISupportedInterfaceOrientations_iPhone = "UIInterfaceOrientationPortrait UIInterfaceOrientationLandscapeLeft UIInterfaceOrientationLandscapeRight";
				IPHONEOS_DEPLOYMENT_TARGET = 17.0;
				LD_RUNPATH_SEARCH_PATHS = "@executable_path/Frameworks";
				"LD_RUNPATH_SEARCH_PATHS[sdk=macosx*]" = "@executable_path/../Frameworks";
				MACOSX_DEPLOYMENT_TARGET = 26.0;
				MARKETING_VERSION = 1.0;
				PRODUCT_BUNDLE_IDENTIFIER = com.keszeg.SimpleFlickr.mock;
				PRODUCT_NAME = "$(TARGET_NAME)";
				REGISTER_APP_GROUPS = YES;
				SDKROOT = auto;
				STRING_CATALOG_GENERATE_SYMBOLS = YES;
				SUPPORTED_PLATFORMS = "iphoneos iphonesimulator";
				SUPPORTS_MACCATALYST = YES;
				SWIFT_APPROACHABLE_CONCURRENCY = YES;
				SWIFT_DEFAULT_ACTOR_ISOLATION = MainActor;
				SWIFT_EMIT_LOC_STRINGS = YES;
				SWIFT_UPCOMING_FEATURE_MEMBER_IMPORT_VISIBILITY = YES;
				SWIFT_VERSION = 6.0;
				TARGETED_DEVICE_FAMILY = "1,2";
				XROS_DEPLOYMENT_TARGET = 26.0;
			};
			name = Mock;
		};
		DA079DD52E476CBA009DC2F6 /* Mock */ = {
			isa = XCBuildConfiguration;
			buildSettings = {
				BUNDLE_LOADER = "$(TEST_HOST)";
				CODE_SIGN_STYLE = Automatic;
				CURRENT_PROJECT_VERSION = 1;
				DEVELOPMENT_TEAM = 55S3BQ9659;
				GENERATE_INFOPLIST_FILE = YES;
				IPHONEOS_DEPLOYMENT_TARGET = 26.0;
				MACOSX_DEPLOYMENT_TARGET = 26.0;
				MARKETING_VERSION = 1.0;
				PRODUCT_BUNDLE_IDENTIFIER = com.keszeg.SimpleFlickrTests;
				PRODUCT_NAME = "$(TARGET_NAME)";
				SDKROOT = auto;
				STRING_CATALOG_GENERATE_SYMBOLS = NO;
				SUPPORTED_PLATFORMS = "iphoneos iphonesimulator macosx xros xrsimulator";
				SWIFT_APPROACHABLE_CONCURRENCY = YES;
				SWIFT_EMIT_LOC_STRINGS = NO;
				SWIFT_UPCOMING_FEATURE_MEMBER_IMPORT_VISIBILITY = YES;
				SWIFT_VERSION = 5.0;
				TARGETED_DEVICE_FAMILY = "1,2,7";
				TEST_HOST = "$(BUILT_PRODUCTS_DIR)/SimpleFlickr.app/$(BUNDLE_EXECUTABLE_FOLDER_PATH)/SimpleFlickr";
				XROS_DEPLOYMENT_TARGET = 26.0;
			};
			name = Mock;
		};
		DA079DD62E476CBA009DC2F6 /* Mock */ = {
			isa = XCBuildConfiguration;
			buildSettings = {
				CODE_SIGN_STYLE = Automatic;
				CURRENT_PROJECT_VERSION = 1;
				DEVELOPMENT_TEAM = 55S3BQ9659;
				GENERATE_INFOPLIST_FILE = YES;
				IPHONEOS_DEPLOYMENT_TARGET = 26.0;
				MACOSX_DEPLOYMENT_TARGET = 26.0;
				MARKETING_VERSION = 1.0;
				PRODUCT_BUNDLE_IDENTIFIER = com.keszeg.SimpleFlickrUITests;
				PRODUCT_NAME = "$(TARGET_NAME)";
				SDKROOT = auto;
				STRING_CATALOG_GENERATE_SYMBOLS = NO;
				SUPPORTED_PLATFORMS = "iphoneos iphonesimulator macosx xros xrsimulator";
				SWIFT_APPROACHABLE_CONCURRENCY = YES;
				SWIFT_EMIT_LOC_STRINGS = NO;
				SWIFT_UPCOMING_FEATURE_MEMBER_IMPORT_VISIBILITY = YES;
				SWIFT_VERSION = 5.0;
				TARGETED_DEVICE_FAMILY = "1,2,7";
				TEST_TARGET_NAME = SimpleFlickr;
				XROS_DEPLOYMENT_TARGET = 26.0;
			};
			name = Mock;
		};
		DA206C7D2E473FF5002D458B /* Debug */ = {
			isa = XCBuildConfiguration;
			buildSettings = {
				ALWAYS_SEARCH_USER_PATHS = NO;
				ASSETCATALOG_COMPILER_GENERATE_SWIFT_ASSET_SYMBOL_EXTENSIONS = YES;
				CLANG_ANALYZER_NONNULL = YES;
				CLANG_ANALYZER_NUMBER_OBJECT_CONVERSION = YES_AGGRESSIVE;
				CLANG_CXX_LANGUAGE_STANDARD = "gnu++20";
				CLANG_ENABLE_MODULES = YES;
				CLANG_ENABLE_OBJC_ARC = YES;
				CLANG_ENABLE_OBJC_WEAK = YES;
				CLANG_WARN_BLOCK_CAPTURE_AUTORELEASING = YES;
				CLANG_WARN_BOOL_CONVERSION = YES;
				CLANG_WARN_COMMA = YES;
				CLANG_WARN_CONSTANT_CONVERSION = YES;
				CLANG_WARN_DEPRECATED_OBJC_IMPLEMENTATIONS = YES;
				CLANG_WARN_DIRECT_OBJC_ISA_USAGE = YES_ERROR;
				CLANG_WARN_DOCUMENTATION_COMMENTS = YES;
				CLANG_WARN_EMPTY_BODY = YES;
				CLANG_WARN_ENUM_CONVERSION = YES;
				CLANG_WARN_INFINITE_RECURSION = YES;
				CLANG_WARN_INT_CONVERSION = YES;
				CLANG_WARN_NON_LITERAL_NULL_CONVERSION = YES;
				CLANG_WARN_OBJC_IMPLICIT_RETAIN_SELF = YES;
				CLANG_WARN_OBJC_LITERAL_CONVERSION = YES;
				CLANG_WARN_OBJC_ROOT_CLASS = YES_ERROR;
				CLANG_WARN_QUOTED_INCLUDE_IN_FRAMEWORK_HEADER = YES;
				CLANG_WARN_RANGE_LOOP_ANALYSIS = YES;
				CLANG_WARN_STRICT_PROTOTYPES = YES;
				CLANG_WARN_SUSPICIOUS_MOVE = YES;
				CLANG_WARN_UNGUARDED_AVAILABILITY = YES_AGGRESSIVE;
				CLANG_WARN_UNREACHABLE_CODE = YES;
				CLANG_WARN__DUPLICATE_METHOD_MATCH = YES;
				COPY_PHASE_STRIP = NO;
				DEBUG_INFORMATION_FORMAT = dwarf;
				DEVELOPMENT_TEAM = 55S3BQ9659;
				ENABLE_STRICT_OBJC_MSGSEND = YES;
				ENABLE_TESTABILITY = YES;
				ENABLE_USER_SCRIPT_SANDBOXING = YES;
				GCC_C_LANGUAGE_STANDARD = gnu17;
				GCC_DYNAMIC_NO_PIC = NO;
				GCC_NO_COMMON_BLOCKS = YES;
				GCC_OPTIMIZATION_LEVEL = 0;
				GCC_PREPROCESSOR_DEFINITIONS = (
					"DEBUG=1",
					"$(inherited)",
				);
				GCC_WARN_64_TO_32_BIT_CONVERSION = YES;
				GCC_WARN_ABOUT_RETURN_TYPE = YES_ERROR;
				GCC_WARN_UNDECLARED_SELECTOR = YES;
				GCC_WARN_UNINITIALIZED_AUTOS = YES_AGGRESSIVE;
				GCC_WARN_UNUSED_FUNCTION = YES;
				GCC_WARN_UNUSED_VARIABLE = YES;
				LOCALIZATION_PREFERS_STRING_CATALOGS = YES;
				MTL_ENABLE_DEBUG_INFO = INCLUDE_SOURCE;
				MTL_FAST_MATH = YES;
				ONLY_ACTIVE_ARCH = YES;
				OTHER_SWIFT_FLAGS = "-DDEV";
				SWIFT_ACTIVE_COMPILATION_CONDITIONS = "DEBUG $(inherited)";
				SWIFT_OPTIMIZATION_LEVEL = "-Onone";
			};
			name = Debug;
		};
		DA206C7E2E473FF5002D458B /* Release */ = {
			isa = XCBuildConfiguration;
			buildSettings = {
				ALWAYS_SEARCH_USER_PATHS = NO;
				ASSETCATALOG_COMPILER_GENERATE_SWIFT_ASSET_SYMBOL_EXTENSIONS = YES;
				CLANG_ANALYZER_NONNULL = YES;
				CLANG_ANALYZER_NUMBER_OBJECT_CONVERSION = YES_AGGRESSIVE;
				CLANG_CXX_LANGUAGE_STANDARD = "gnu++20";
				CLANG_ENABLE_MODULES = YES;
				CLANG_ENABLE_OBJC_ARC = YES;
				CLANG_ENABLE_OBJC_WEAK = YES;
				CLANG_WARN_BLOCK_CAPTURE_AUTORELEASING = YES;
				CLANG_WARN_BOOL_CONVERSION = YES;
				CLANG_WARN_COMMA = YES;
				CLANG_WARN_CONSTANT_CONVERSION = YES;
				CLANG_WARN_DEPRECATED_OBJC_IMPLEMENTATIONS = YES;
				CLANG_WARN_DIRECT_OBJC_ISA_USAGE = YES_ERROR;
				CLANG_WARN_DOCUMENTATION_COMMENTS = YES;
				CLANG_WARN_EMPTY_BODY = YES;
				CLANG_WARN_ENUM_CONVERSION = YES;
				CLANG_WARN_INFINITE_RECURSION = YES;
				CLANG_WARN_INT_CONVERSION = YES;
				CLANG_WARN_NON_LITERAL_NULL_CONVERSION = YES;
				CLANG_WARN_OBJC_IMPLICIT_RETAIN_SELF = YES;
				CLANG_WARN_OBJC_LITERAL_CONVERSION = YES;
				CLANG_WARN_OBJC_ROOT_CLASS = YES_ERROR;
				CLANG_WARN_QUOTED_INCLUDE_IN_FRAMEWORK_HEADER = YES;
				CLANG_WARN_RANGE_LOOP_ANALYSIS = YES;
				CLANG_WARN_STRICT_PROTOTYPES = YES;
				CLANG_WARN_SUSPICIOUS_MOVE = YES;
				CLANG_WARN_UNGUARDED_AVAILABILITY = YES_AGGRESSIVE;
				CLANG_WARN_UNREACHABLE_CODE = YES;
				CLANG_WARN__DUPLICATE_METHOD_MATCH = YES;
				COPY_PHASE_STRIP = NO;
				DEBUG_INFORMATION_FORMAT = "dwarf-with-dsym";
				DEVELOPMENT_TEAM = 55S3BQ9659;
				ENABLE_NS_ASSERTIONS = NO;
				ENABLE_STRICT_OBJC_MSGSEND = YES;
				ENABLE_USER_SCRIPT_SANDBOXING = YES;
				GCC_C_LANGUAGE_STANDARD = gnu17;
				GCC_NO_COMMON_BLOCKS = YES;
				GCC_WARN_64_TO_32_BIT_CONVERSION = YES;
				GCC_WARN_ABOUT_RETURN_TYPE = YES_ERROR;
				GCC_WARN_UNDECLARED_SELECTOR = YES;
				GCC_WARN_UNINITIALIZED_AUTOS = YES_AGGRESSIVE;
				GCC_WARN_UNUSED_FUNCTION = YES;
				GCC_WARN_UNUSED_VARIABLE = YES;
				LOCALIZATION_PREFERS_STRING_CATALOGS = YES;
				MTL_ENABLE_DEBUG_INFO = NO;
				MTL_FAST_MATH = YES;
				SWIFT_COMPILATION_MODE = wholemodule;
			};
			name = Release;
		};
		DA206C802E473FF5002D458B /* Debug */ = {
			isa = XCBuildConfiguration;
			buildSettings = {
				ASSETCATALOG_COMPILER_APPICON_NAME = AppIcon;
				ASSETCATALOG_COMPILER_GLOBAL_ACCENT_COLOR_NAME = AccentColor;
				CODE_SIGN_IDENTITY = "Apple Development";
				CODE_SIGN_STYLE = Automatic;
				CURRENT_PROJECT_VERSION = 1;
				DEVELOPMENT_TEAM = 55S3BQ9659;
				ENABLE_APP_SANDBOX = YES;
				ENABLE_HARDENED_RUNTIME = YES;
				ENABLE_PREVIEWS = YES;
				ENABLE_USER_SCRIPT_SANDBOXING = NO;
				ENABLE_USER_SELECTED_FILES = readonly;
				GENERATE_INFOPLIST_FILE = YES;
				INFOPLIST_KEY_CFBundleDisplayName = "SimpleFlickr - Dev";
				"INFOPLIST_KEY_UIApplicationSceneManifest_Generation[sdk=iphoneos*]" = YES;
				"INFOPLIST_KEY_UIApplicationSceneManifest_Generation[sdk=iphonesimulator*]" = YES;
				"INFOPLIST_KEY_UIApplicationSupportsIndirectInputEvents[sdk=iphoneos*]" = YES;
				"INFOPLIST_KEY_UIApplicationSupportsIndirectInputEvents[sdk=iphonesimulator*]" = YES;
				"INFOPLIST_KEY_UILaunchScreen_Generation[sdk=iphoneos*]" = YES;
				"INFOPLIST_KEY_UILaunchScreen_Generation[sdk=iphonesimulator*]" = YES;
				INFOPLIST_KEY_UILaunchStoryboardName = LaunchScreen;
				"INFOPLIST_KEY_UIStatusBarStyle[sdk=iphoneos*]" = UIStatusBarStyleDefault;
				"INFOPLIST_KEY_UIStatusBarStyle[sdk=iphonesimulator*]" = UIStatusBarStyleDefault;
				INFOPLIST_KEY_UISupportedInterfaceOrientations_iPad = "UIInterfaceOrientationPortrait UIInterfaceOrientationPortraitUpsideDown UIInterfaceOrientationLandscapeLeft UIInterfaceOrientationLandscapeRight";
				INFOPLIST_KEY_UISupportedInterfaceOrientations_iPhone = "UIInterfaceOrientationPortrait UIInterfaceOrientationLandscapeLeft UIInterfaceOrientationLandscapeRight";
				IPHONEOS_DEPLOYMENT_TARGET = 17.0;
				LD_RUNPATH_SEARCH_PATHS = "@executable_path/Frameworks";
				"LD_RUNPATH_SEARCH_PATHS[sdk=macosx*]" = "@executable_path/../Frameworks";
				MACOSX_DEPLOYMENT_TARGET = 26.0;
				MARKETING_VERSION = 1.0;
				PRODUCT_BUNDLE_IDENTIFIER = com.keszeg.SimpleFlickr.dev;
				PRODUCT_NAME = "$(TARGET_NAME)";
				PROVISIONING_PROFILE_SPECIFIER = "";
				REGISTER_APP_GROUPS = YES;
				SDKROOT = auto;
				STRING_CATALOG_GENERATE_SYMBOLS = YES;
				SUPPORTED_PLATFORMS = "iphoneos iphonesimulator";
				SUPPORTS_MACCATALYST = YES;
				SWIFT_APPROACHABLE_CONCURRENCY = YES;
				SWIFT_DEFAULT_ACTOR_ISOLATION = MainActor;
				SWIFT_EMIT_LOC_STRINGS = YES;
				SWIFT_UPCOMING_FEATURE_MEMBER_IMPORT_VISIBILITY = YES;
				SWIFT_VERSION = 6.0;
				TARGETED_DEVICE_FAMILY = "1,2";
				XROS_DEPLOYMENT_TARGET = 26.0;
			};
			name = Debug;
		};
		DA206C812E473FF5002D458B /* Release */ = {
			isa = XCBuildConfiguration;
			buildSettings = {
				ASSETCATALOG_COMPILER_APPICON_NAME = AppIcon;
				ASSETCATALOG_COMPILER_GLOBAL_ACCENT_COLOR_NAME = AccentColor;
				CODE_SIGN_STYLE = Automatic;
				CURRENT_PROJECT_VERSION = 1;
				DEVELOPMENT_TEAM = 55S3BQ9659;
				ENABLE_APP_SANDBOX = YES;
				ENABLE_HARDENED_RUNTIME = YES;
				ENABLE_PREVIEWS = YES;
				ENABLE_USER_SCRIPT_SANDBOXING = NO;
				ENABLE_USER_SELECTED_FILES = readonly;
				GENERATE_INFOPLIST_FILE = YES;
				INFOPLIST_KEY_CFBundleDisplayName = SimpleFlickr;
				"INFOPLIST_KEY_UIApplicationSceneManifest_Generation[sdk=iphoneos*]" = YES;
				"INFOPLIST_KEY_UIApplicationSceneManifest_Generation[sdk=iphonesimulator*]" = YES;
				"INFOPLIST_KEY_UIApplicationSupportsIndirectInputEvents[sdk=iphoneos*]" = YES;
				"INFOPLIST_KEY_UIApplicationSupportsIndirectInputEvents[sdk=iphonesimulator*]" = YES;
				"INFOPLIST_KEY_UILaunchScreen_Generation[sdk=iphoneos*]" = YES;
				"INFOPLIST_KEY_UILaunchScreen_Generation[sdk=iphonesimulator*]" = YES;
				INFOPLIST_KEY_UILaunchStoryboardName = LaunchScreen;
				"INFOPLIST_KEY_UIStatusBarStyle[sdk=iphoneos*]" = UIStatusBarStyleDefault;
				"INFOPLIST_KEY_UIStatusBarStyle[sdk=iphonesimulator*]" = UIStatusBarStyleDefault;
				INFOPLIST_KEY_UISupportedInterfaceOrientations_iPad = "UIInterfaceOrientationPortrait UIInterfaceOrientationPortraitUpsideDown UIInterfaceOrientationLandscapeLeft UIInterfaceOrientationLandscapeRight";
				INFOPLIST_KEY_UISupportedInterfaceOrientations_iPhone = "UIInterfaceOrientationPortrait UIInterfaceOrientationLandscapeLeft UIInterfaceOrientationLandscapeRight";
				IPHONEOS_DEPLOYMENT_TARGET = 17.0;
				LD_RUNPATH_SEARCH_PATHS = "@executable_path/Frameworks";
				"LD_RUNPATH_SEARCH_PATHS[sdk=macosx*]" = "@executable_path/../Frameworks";
				MACOSX_DEPLOYMENT_TARGET = 26.0;
				MARKETING_VERSION = 1.0;
				PRODUCT_BUNDLE_IDENTIFIER = com.keszeg.SimpleFlickr;
				PRODUCT_NAME = "$(TARGET_NAME)";
				REGISTER_APP_GROUPS = YES;
				SDKROOT = auto;
				STRING_CATALOG_GENERATE_SYMBOLS = YES;
				SUPPORTED_PLATFORMS = "iphoneos iphonesimulator";
				SUPPORTS_MACCATALYST = YES;
				SWIFT_APPROACHABLE_CONCURRENCY = YES;
				SWIFT_DEFAULT_ACTOR_ISOLATION = MainActor;
				SWIFT_EMIT_LOC_STRINGS = YES;
				SWIFT_UPCOMING_FEATURE_MEMBER_IMPORT_VISIBILITY = YES;
				SWIFT_VERSION = 6.0;
				TARGETED_DEVICE_FAMILY = "1,2";
				XROS_DEPLOYMENT_TARGET = 26.0;
			};
			name = Release;
		};
		DA206C832E473FF5002D458B /* Debug */ = {
			isa = XCBuildConfiguration;
			buildSettings = {
				BUNDLE_LOADER = "$(TEST_HOST)";
				CODE_SIGN_STYLE = Automatic;
				CURRENT_PROJECT_VERSION = 1;
				DEVELOPMENT_TEAM = 55S3BQ9659;
				GENERATE_INFOPLIST_FILE = YES;
				IPHONEOS_DEPLOYMENT_TARGET = 26.0;
				MACOSX_DEPLOYMENT_TARGET = 26.0;
				MARKETING_VERSION = 1.0;
				PRODUCT_BUNDLE_IDENTIFIER = com.keszeg.SimpleFlickrTests;
				PRODUCT_NAME = "$(TARGET_NAME)";
				SDKROOT = auto;
				STRING_CATALOG_GENERATE_SYMBOLS = NO;
				SUPPORTED_PLATFORMS = "iphoneos iphonesimulator macosx xros xrsimulator";
				SWIFT_APPROACHABLE_CONCURRENCY = YES;
				SWIFT_EMIT_LOC_STRINGS = NO;
				SWIFT_UPCOMING_FEATURE_MEMBER_IMPORT_VISIBILITY = YES;
				SWIFT_VERSION = 5.0;
				TARGETED_DEVICE_FAMILY = "1,2,7";
				TEST_HOST = "$(BUILT_PRODUCTS_DIR)/SimpleFlickr.app/$(BUNDLE_EXECUTABLE_FOLDER_PATH)/SimpleFlickr";
				XROS_DEPLOYMENT_TARGET = 26.0;
			};
			name = Debug;
		};
		DA206C842E473FF5002D458B /* Release */ = {
			isa = XCBuildConfiguration;
			buildSettings = {
				BUNDLE_LOADER = "$(TEST_HOST)";
				CODE_SIGN_STYLE = Automatic;
				CURRENT_PROJECT_VERSION = 1;
				DEVELOPMENT_TEAM = 55S3BQ9659;
				GENERATE_INFOPLIST_FILE = YES;
				IPHONEOS_DEPLOYMENT_TARGET = 26.0;
				MACOSX_DEPLOYMENT_TARGET = 26.0;
				MARKETING_VERSION = 1.0;
				PRODUCT_BUNDLE_IDENTIFIER = com.keszeg.SimpleFlickrTests;
				PRODUCT_NAME = "$(TARGET_NAME)";
				SDKROOT = auto;
				STRING_CATALOG_GENERATE_SYMBOLS = NO;
				SUPPORTED_PLATFORMS = "iphoneos iphonesimulator macosx xros xrsimulator";
				SWIFT_APPROACHABLE_CONCURRENCY = YES;
				SWIFT_EMIT_LOC_STRINGS = NO;
				SWIFT_UPCOMING_FEATURE_MEMBER_IMPORT_VISIBILITY = YES;
				SWIFT_VERSION = 5.0;
				TARGETED_DEVICE_FAMILY = "1,2,7";
				TEST_HOST = "$(BUILT_PRODUCTS_DIR)/SimpleFlickr.app/$(BUNDLE_EXECUTABLE_FOLDER_PATH)/SimpleFlickr";
				XROS_DEPLOYMENT_TARGET = 26.0;
			};
			name = Release;
		};
		DA206C862E473FF5002D458B /* Debug */ = {
			isa = XCBuildConfiguration;
			buildSettings = {
				CODE_SIGN_STYLE = Automatic;
				CURRENT_PROJECT_VERSION = 1;
				DEVELOPMENT_TEAM = 55S3BQ9659;
				GENERATE_INFOPLIST_FILE = YES;
				IPHONEOS_DEPLOYMENT_TARGET = 26.0;
				MACOSX_DEPLOYMENT_TARGET = 26.0;
				MARKETING_VERSION = 1.0;
				PRODUCT_BUNDLE_IDENTIFIER = com.keszeg.SimpleFlickrUITests;
				PRODUCT_NAME = "$(TARGET_NAME)";
				SDKROOT = auto;
				STRING_CATALOG_GENERATE_SYMBOLS = NO;
				SUPPORTED_PLATFORMS = "iphoneos iphonesimulator macosx xros xrsimulator";
				SWIFT_APPROACHABLE_CONCURRENCY = YES;
				SWIFT_EMIT_LOC_STRINGS = NO;
				SWIFT_UPCOMING_FEATURE_MEMBER_IMPORT_VISIBILITY = YES;
				SWIFT_VERSION = 5.0;
				TARGETED_DEVICE_FAMILY = "1,2,7";
				TEST_TARGET_NAME = SimpleFlickr;
				XROS_DEPLOYMENT_TARGET = 26.0;
			};
			name = Debug;
		};
		DA206C872E473FF5002D458B /* Release */ = {
			isa = XCBuildConfiguration;
			buildSettings = {
				CODE_SIGN_STYLE = Automatic;
				CURRENT_PROJECT_VERSION = 1;
				DEVELOPMENT_TEAM = 55S3BQ9659;
				GENERATE_INFOPLIST_FILE = YES;
				IPHONEOS_DEPLOYMENT_TARGET = 26.0;
				MACOSX_DEPLOYMENT_TARGET = 26.0;
				MARKETING_VERSION = 1.0;
				PRODUCT_BUNDLE_IDENTIFIER = com.keszeg.SimpleFlickrUITests;
				PRODUCT_NAME = "$(TARGET_NAME)";
				SDKROOT = auto;
				STRING_CATALOG_GENERATE_SYMBOLS = NO;
				SUPPORTED_PLATFORMS = "iphoneos iphonesimulator macosx xros xrsimulator";
				SWIFT_APPROACHABLE_CONCURRENCY = YES;
				SWIFT_EMIT_LOC_STRINGS = NO;
				SWIFT_UPCOMING_FEATURE_MEMBER_IMPORT_VISIBILITY = YES;
				SWIFT_VERSION = 5.0;
				TARGETED_DEVICE_FAMILY = "1,2,7";
				TEST_TARGET_NAME = SimpleFlickr;
				XROS_DEPLOYMENT_TARGET = 26.0;
			};
			name = Release;
		};
/* End XCBuildConfiguration section */

/* Begin XCConfigurationList section */
		DA206C592E473FF3002D458B /* Build configuration list for PBXProject "SimpleFlickr" */ = {
			isa = XCConfigurationList;
			buildConfigurations = (
				DA206C7D2E473FF5002D458B /* Debug */,
				DA079DD32E476CBA009DC2F6 /* Mock */,
				DA206C7E2E473FF5002D458B /* Release */,
			);
			defaultConfigurationIsVisible = 0;
			defaultConfigurationName = Release;
		};
		DA206C7F2E473FF5002D458B /* Build configuration list for PBXNativeTarget "SimpleFlickr" */ = {
			isa = XCConfigurationList;
			buildConfigurations = (
				DA206C802E473FF5002D458B /* Debug */,
				DA079DD42E476CBA009DC2F6 /* Mock */,
				DA206C812E473FF5002D458B /* Release */,
			);
			defaultConfigurationIsVisible = 0;
			defaultConfigurationName = Release;
		};
		DA206C822E473FF5002D458B /* Build configuration list for PBXNativeTarget "SimpleFlickrTests" */ = {
			isa = XCConfigurationList;
			buildConfigurations = (
				DA206C832E473FF5002D458B /* Debug */,
				DA079DD52E476CBA009DC2F6 /* Mock */,
				DA206C842E473FF5002D458B /* Release */,
			);
			defaultConfigurationIsVisible = 0;
			defaultConfigurationName = Release;
		};
		DA206C852E473FF5002D458B /* Build configuration list for PBXNativeTarget "SimpleFlickrUITests" */ = {
			isa = XCConfigurationList;
			buildConfigurations = (
				DA206C862E473FF5002D458B /* Debug */,
				DA079DD62E476CBA009DC2F6 /* Mock */,
				DA206C872E473FF5002D458B /* Release */,
			);
			defaultConfigurationIsVisible = 0;
			defaultConfigurationName = Release;
		};
/* End XCConfigurationList section */

/* Begin XCLocalSwiftPackageReference section */
		DA0808C12E4779E000DECBB4 /* XCLocalSwiftPackageReference "LocalPackages/Logger" */ = {
			isa = XCLocalSwiftPackageReference;
			relativePath = LocalPackages/Logger;
		};
		DA0808C82E4779F900DECBB4 /* XCLocalSwiftPackageReference "LocalPackages/Router" */ = {
			isa = XCLocalSwiftPackageReference;
			relativePath = LocalPackages/Router;
		};
		DA0808CB2E477A0700DECBB4 /* XCLocalSwiftPackageReference "LocalPackages/UserInterface" */ = {
			isa = XCLocalSwiftPackageReference;
			relativePath = LocalPackages/UserInterface;
		};
		DA0808CE2E477A1900DECBB4 /* XCLocalSwiftPackageReference "LocalPackages/Utilities" */ = {
			isa = XCLocalSwiftPackageReference;
			relativePath = LocalPackages/Utilities;
		};
/* End XCLocalSwiftPackageReference section */

/* Begin XCRemoteSwiftPackageReference section */
		DA079DCC2E476BD4009DC2F6 /* XCRemoteSwiftPackageReference "firebase-ios-sdk" */ = {
			isa = XCRemoteSwiftPackageReference;
			repositoryURL = "https://github.com/firebase/firebase-ios-sdk.git";
			requirement = {
				kind = upToNextMajorVersion;
				minimumVersion = 11.0.0;
			};
		};
/* End XCRemoteSwiftPackageReference section */

/* Begin XCSwiftPackageProductDependency section */
		DA079DCD2E476BD4009DC2F6 /* FirebaseAnalytics */ = {
			isa = XCSwiftPackageProductDependency;
			package = DA079DCC2E476BD4009DC2F6 /* XCRemoteSwiftPackageReference "firebase-ios-sdk" */;
			productName = FirebaseAnalytics;
		};
		DA079DCF2E476BD4009DC2F6 /* FirebaseCrashlytics */ = {
			isa = XCSwiftPackageProductDependency;
			package = DA079DCC2E476BD4009DC2F6 /* XCRemoteSwiftPackageReference "firebase-ios-sdk" */;
			productName = FirebaseCrashlytics;
		};
		DA079DD12E476BD4009DC2F6 /* FirebaseRemoteConfig */ = {
			isa = XCSwiftPackageProductDependency;
			package = DA079DCC2E476BD4009DC2F6 /* XCRemoteSwiftPackageReference "firebase-ios-sdk" */;
			productName = FirebaseRemoteConfig;
		};
		DA0808C22E4779E000DECBB4 /* Logger */ = {
			isa = XCSwiftPackageProductDependency;
			productName = Logger;
		};
		DA0808C42E4779E000DECBB4 /* LoggerFirebaseAnalytics */ = {
			isa = XCSwiftPackageProductDependency;
			productName = LoggerFirebaseAnalytics;
		};
		DA0808C62E4779E000DECBB4 /* LoggerFirebaseCrashlytics */ = {
			isa = XCSwiftPackageProductDependency;
			productName = LoggerFirebaseCrashlytics;
		};
		DA0808C92E4779F900DECBB4 /* Router */ = {
			isa = XCSwiftPackageProductDependency;
			productName = Router;
		};
		DA0808CC2E477A0700DECBB4 /* UserInterface */ = {
			isa = XCSwiftPackageProductDependency;
			productName = UserInterface;
		};
		DA0808CF2E477A1900DECBB4 /* Utilities */ = {
			isa = XCSwiftPackageProductDependency;
			productName = Utilities;
		};
/* End XCSwiftPackageProductDependency section */
	};
	rootObject = DA206C562E473FF3002D458B /* Project object */;
}
